
Microsoft Visual Studio Solution File, Format Version 12.00
# Visual Studio Version 17
VisualStudioVersion = 17.14.36623.8
MinimumVisualStudioVersion = 10.0.40219.1
Project("{FAE04EC0-301F-11D3-BF4B-00C04F79EFBC}") = "GiftOfTheGiver_Foundation", "GiftOfTheGiver_Foundation.csproj", "{1A667732-4741-4EC8-A0C1-2DF3C2838C4A}"
EndProject
Global
	GlobalSection(SolutionConfigurationPlatforms) = preSolution
		Debug|Any CPU = Debug|Any CPU
		Release|Any CPU = Release|Any CPU
	EndGlobalSection
	GlobalSection(ProjectConfigurationPlatforms) = postSolution
		{1A667732-4741-4EC8-A0C1-2DF3C2838C4A}.Debug|Any CPU.ActiveCfg = Debug|Any CPU
		{1A667732-4741-4EC8-A0C1-2DF3C2838C4A}.Debug|Any CPU.Build.0 = Debug|Any CPU
		{1A667732-4741-4EC8-A0C1-2DF3C2838C4A}.Release|Any CPU.ActiveCfg = Release|Any CPU
		{1A667732-4741-4EC8-A0C1-2DF3C2838C4A}.Release|Any CPU.Build.0 = Release|Any CPU
	EndGlobalSection
	GlobalSection(SolutionProperties) = preSolution
		HideSolutionNode = FALSE
	EndGlobalSection
	GlobalSection(ExtensibilityGlobals) = postSolution
		SolutionGuid = {44B1A442-4889-4A66-94F2-C1348C4F97AF}
	EndGlobalSection
EndGlobal
